
Microsoft Visual Studio Solution File, Format Version 12.00
# Visual Studio Version 16
VisualStudioVersion = 16.0.30523.141
MinimumVisualStudioVersion = 10.0.40219.1
Project("{9A19103F-16F7-4668-BE54-9A1E7A4F7556}") = "laba1", "laba1\laba1.csproj", "{40C097CF-341F-4912-93C2-AF0E00EFFF34}"
EndProject
Project("{9A19103F-16F7-4668-BE54-9A1E7A4F7556}") = "laba2", "laba2\laba2.csproj", "{5CA96FAB-CFB1-4268-AED2-7F3FB13B1ABD}"
EndProject
Project("{9A19103F-16F7-4668-BE54-9A1E7A4F7556}") = "Tests", "Tests\Tests.csproj", "{8C26994B-B029-4069-BA4F-142331C991FF}"
EndProject
Project("{9A19103F-16F7-4668-BE54-9A1E7A4F7556}") = "laba3", "laba3\laba3.csproj", "{8F6CD8B6-8CB5-404C-8786-30C6B37607E6}"
EndProject
Project("{FAE04EC0-301F-11D3-BF4B-00C04F79EFBC}") = "laba5", "laba5\laba5.csproj", "{F2A90803-1C85-4F9C-9DB9-A36A435D1F37}"
EndProject
Global
	GlobalSection(SolutionConfigurationPlatforms) = preSolution
		Debug|Any CPU = Debug|Any CPU
		Release|Any CPU = Release|Any CPU
	EndGlobalSection
	GlobalSection(ProjectConfigurationPlatforms) = postSolution
		{40C097CF-341F-4912-93C2-AF0E00EFFF34}.Debug|Any CPU.ActiveCfg = Debug|Any CPU
		{40C097CF-341F-4912-93C2-AF0E00EFFF34}.Debug|Any CPU.Build.0 = Debug|Any CPU
		{40C097CF-341F-4912-93C2-AF0E00EFFF34}.Release|Any CPU.ActiveCfg = Release|Any CPU
		{40C097CF-341F-4912-93C2-AF0E00EFFF34}.Release|Any CPU.Build.0 = Release|Any CPU
		{5CA96FAB-CFB1-4268-AED2-7F3FB13B1ABD}.Debug|Any CPU.ActiveCfg = Debug|Any CPU
		{5CA96FAB-CFB1-4268-AED2-7F3FB13B1ABD}.Debug|Any CPU.Build.0 = Debug|Any CPU
		{5CA96FAB-CFB1-4268-AED2-7F3FB13B1ABD}.Release|Any CPU.ActiveCfg = Release|Any CPU
		{5CA96FAB-CFB1-4268-AED2-7F3FB13B1ABD}.Release|Any CPU.Build.0 = Release|Any CPU
		{8C26994B-B029-4069-BA4F-142331C991FF}.Debug|Any CPU.ActiveCfg = Debug|Any CPU
		{8C26994B-B029-4069-BA4F-142331C991FF}.Debug|Any CPU.Build.0 = Debug|Any CPU
		{8C26994B-B029-4069-BA4F-142331C991FF}.Release|Any CPU.ActiveCfg = Release|Any CPU
		{8C26994B-B029-4069-BA4F-142331C991FF}.Release|Any CPU.Build.0 = Release|Any CPU
		{8F6CD8B6-8CB5-404C-8786-30C6B37607E6}.Debug|Any CPU.ActiveCfg = Debug|Any CPU
		{8F6CD8B6-8CB5-404C-8786-30C6B37607E6}.Debug|Any CPU.Build.0 = Debug|Any CPU
		{8F6CD8B6-8CB5-404C-8786-30C6B37607E6}.Release|Any CPU.ActiveCfg = Release|Any CPU
		{8F6CD8B6-8CB5-404C-8786-30C6B37607E6}.Release|Any CPU.Build.0 = Release|Any CPU
		{F2A90803-1C85-4F9C-9DB9-A36A435D1F37}.Debug|Any CPU.ActiveCfg = Debug|Any CPU
		{F2A90803-1C85-4F9C-9DB9-A36A435D1F37}.Debug|Any CPU.Build.0 = Debug|Any CPU
		{F2A90803-1C85-4F9C-9DB9-A36A435D1F37}.Release|Any CPU.ActiveCfg = Release|Any CPU
		{F2A90803-1C85-4F9C-9DB9-A36A435D1F37}.Release|Any CPU.Build.0 = Release|Any CPU
	EndGlobalSection
	GlobalSection(SolutionProperties) = preSolution
		HideSolutionNode = FALSE
	EndGlobalSection
	GlobalSection(ExtensibilityGlobals) = postSolution
		SolutionGuid = {7EA8D130-4E58-484F-AC3F-22455A1672D2}
	EndGlobalSection
EndGlobal
